
Microsoft Visual Studio Solution File, Format Version 12.00
# Visual Studio Version 17
VisualStudioVersion = 17.5.002.0
MinimumVisualStudioVersion = 10.0.40219.1
Project("{9A19103F-16F7-4668-BE54-9A1E7A4F7556}") = "DesafioProjetoHospedagem", "DesafioProjetoHospedagem.csproj", "{78FE51F4-5E9D-43A1-9BC0-C58E89F99339}"
EndProject
Global
	GlobalSection(SolutionConfigurationPlatforms) = preSolution
		Debug|Any CPU = Debug|Any CPU
		Release|Any CPU = Release|Any CPU
	EndGlobalSection
	GlobalSection(ProjectConfigurationPlatforms) = postSolution
		{78FE51F4-5E9D-43A1-9BC0-C58E89F99339}.Debug|Any CPU.ActiveCfg = Debug|Any CPU
		{78FE51F4-5E9D-43A1-9BC0-C58E89F99339}.Debug|Any CPU.Build.0 = Debug|Any CPU
		{78FE51F4-5E9D-43A1-9BC0-C58E89F99339}.Release|Any CPU.ActiveCfg = Release|Any CPU
		{78FE51F4-5E9D-43A1-9BC0-C58E89F99339}.Release|Any CPU.Build.0 = Release|Any CPU
	EndGlobalSection
	GlobalSection(SolutionProperties) = preSolution
		HideSolutionNode = FALSE
	EndGlobalSection
	GlobalSection(ExtensibilityGlobals) = postSolution
		SolutionGuid = {D8F1723E-75A0-425D-B47B-CCFC2458A322}
	EndGlobalSection
EndGlobal
